{
    "_meta": {
        "hash": {
            "sha256": "1a6617e2b5daaaca116ce36a3e7b42c0a4d61ef9fb2db8a35959de7069532025"
        },
        "pipfile-spec": 6,
        "requires": {
            "python_version": "3.8"
        },
        "sources": [
            {
                "name": "pypi",
                "url": "https://pypi.org/simple",
                "verify_ssl": true
            }
        ]
    },
    "default": {
        "evdev": {
            "hashes": [
                "sha256:b1c649b4fed7252711011da235782b2c260b32e004058d62473471e5cd30634d"
            ],
            "markers": "'linux' in sys_platform",
            "version": "==1.3.0"
        },
        "pynput": {
            "hashes": [
                "sha256:452e1f23ed1c2e85e61b2daedc8b6a5481a696b1ed1b98ef0ab164038a104adf",
                "sha256:5a5598bfb14322eff980ac6ca820635fce9028faa4f64a8e1581243aaf6785ee",
                "sha256:b2b96cec8411a940a7f73da6965f13927d03d46fb5105c5bc63ed04f29b2b8f0"
            ],
            "index": "pypi",
            "version": "==1.7.1"
        },
        "python-xlib": {
            "hashes": [
                "sha256:425f766173cdb30d0d61b416342ebecf312a1bf16c4d72ecd26b04667496067f",
                "sha256:c0e9878ef936d9b8e331976f24bdcc0b1a03eb957401c7cd48047ba7c69dc922"
            ],
            "markers": "'linux' in sys_platform",
            "version": "==0.28"
        },
        "six": {
            "hashes": [
                "sha256:30639c035cdb23534cd4aa2dd52c3bf48f06e5f4a941509c8bafd8ce11080259",
                "sha256:8b74bedcbbbaca38ff6d7491d76f2b06b3592611af620f8426e82dddb04a5ced"
            ],
            "markers": "python_version >= '2.7' and python_version not in '3.0, 3.1, 3.2, 3.3'",
            "version": "==1.15.0"
        }
    },
    "develop": {}
}
